
Microsoft Visual Studio Solution File, Format Version 12.00
# Visual Studio 2012
Project("{2150E333-8FDC-42A3-9474-1A3956D46DE8}") = "Clients", "Clients", "{9CE77106-2E2F-47CD-A748-7A1402CAA6E9}"
EndProject
Project("{FAE04EC0-301F-11D3-BF4B-00C04F79EFBC}") = "DTC.Clients.WindowsPhone", "DTC.Clients.WindowsPhone\DTC.Clients.WindowsPhone.csproj", "{3E00643F-AC74-4B9E-8A1B-3D9CDA6D18FE}"
EndProject
Project("{2150E333-8FDC-42A3-9474-1A3956D46DE8}") = "Server", "Server", "{836962FD-5DFC-4682-9840-44D62A0E861E}"
EndProject
Project("{FAE04EC0-301F-11D3-BF4B-00C04F79EFBC}") = "DTC.Server", "DTC.Server\DTC.Server.csproj", "{C3196DEC-3825-4B63-87C2-53674D3BFE66}"
EndProject
Project("{2150E333-8FDC-42A3-9474-1A3956D46DE8}") = "MFE", "MFE", "{443CE6F1-9DDF-42D9-8A64-76C6778BCA43}"
EndProject
Project("{FAE04EC0-301F-11D3-BF4B-00C04F79EFBC}") = "MFE", "MFE\MFE.csproj", "{03D2EE7A-7DE1-4329-804E-6823D20A53B2}"
EndProject
Project("{FAE04EC0-301F-11D3-BF4B-00C04F79EFBC}") = "MFE.USB", "MFE.USB\MFE.USB.csproj", "{F0DA6247-97C4-43DC-99B6-A763AF5225C2}"
EndProject
Project("{FAE04EC0-301F-11D3-BF4B-00C04F79EFBC}") = "MFE.Storage", "MFE.Storage\MFE.Storage.csproj", "{B3AF4DFB-585D-477A-981A-0F5E69EC7A89}"
EndProject
Project("{FAE04EC0-301F-11D3-BF4B-00C04F79EFBC}") = "MFE.Net", "MFE.Net\MFE.Net.csproj", "{D87CB0D5-ED06-4E01-AA00-FFCDD0A3D708}"
EndProject
Global
	GlobalSection(SolutionConfigurationPlatforms) = preSolution
		Debug|Any CPU = Debug|Any CPU
		Release|Any CPU = Release|Any CPU
	EndGlobalSection
	GlobalSection(ProjectConfigurationPlatforms) = postSolution
		{3E00643F-AC74-4B9E-8A1B-3D9CDA6D18FE}.Debug|Any CPU.ActiveCfg = Debug|Any CPU
		{3E00643F-AC74-4B9E-8A1B-3D9CDA6D18FE}.Debug|Any CPU.Build.0 = Debug|Any CPU
		{3E00643F-AC74-4B9E-8A1B-3D9CDA6D18FE}.Debug|Any CPU.Deploy.0 = Debug|Any CPU
		{3E00643F-AC74-4B9E-8A1B-3D9CDA6D18FE}.Release|Any CPU.ActiveCfg = Release|Any CPU
		{3E00643F-AC74-4B9E-8A1B-3D9CDA6D18FE}.Release|Any CPU.Build.0 = Release|Any CPU
		{3E00643F-AC74-4B9E-8A1B-3D9CDA6D18FE}.Release|Any CPU.Deploy.0 = Release|Any CPU
		{C3196DEC-3825-4B63-87C2-53674D3BFE66}.Debug|Any CPU.ActiveCfg = Debug|Any CPU
		{C3196DEC-3825-4B63-87C2-53674D3BFE66}.Debug|Any CPU.Build.0 = Debug|Any CPU
		{C3196DEC-3825-4B63-87C2-53674D3BFE66}.Debug|Any CPU.Deploy.0 = Debug|Any CPU
		{C3196DEC-3825-4B63-87C2-53674D3BFE66}.Release|Any CPU.ActiveCfg = Release|Any CPU
		{C3196DEC-3825-4B63-87C2-53674D3BFE66}.Release|Any CPU.Build.0 = Release|Any CPU
		{C3196DEC-3825-4B63-87C2-53674D3BFE66}.Release|Any CPU.Deploy.0 = Release|Any CPU
		{03D2EE7A-7DE1-4329-804E-6823D20A53B2}.Debug|Any CPU.ActiveCfg = Debug|Any CPU
		{03D2EE7A-7DE1-4329-804E-6823D20A53B2}.Debug|Any CPU.Build.0 = Debug|Any CPU
		{03D2EE7A-7DE1-4329-804E-6823D20A53B2}.Release|Any CPU.ActiveCfg = Release|Any CPU
		{03D2EE7A-7DE1-4329-804E-6823D20A53B2}.Release|Any CPU.Build.0 = Release|Any CPU
		{F0DA6247-97C4-43DC-99B6-A763AF5225C2}.Debug|Any CPU.ActiveCfg = Debug|Any CPU
		{F0DA6247-97C4-43DC-99B6-A763AF5225C2}.Debug|Any CPU.Build.0 = Debug|Any CPU
		{F0DA6247-97C4-43DC-99B6-A763AF5225C2}.Release|Any CPU.ActiveCfg = Release|Any CPU
		{F0DA6247-97C4-43DC-99B6-A763AF5225C2}.Release|Any CPU.Build.0 = Release|Any CPU
		{B3AF4DFB-585D-477A-981A-0F5E69EC7A89}.Debug|Any CPU.ActiveCfg = Debug|Any CPU
		{B3AF4DFB-585D-477A-981A-0F5E69EC7A89}.Debug|Any CPU.Build.0 = Debug|Any CPU
		{B3AF4DFB-585D-477A-981A-0F5E69EC7A89}.Release|Any CPU.ActiveCfg = Release|Any CPU
		{B3AF4DFB-585D-477A-981A-0F5E69EC7A89}.Release|Any CPU.Build.0 = Release|Any CPU
		{D87CB0D5-ED06-4E01-AA00-FFCDD0A3D708}.Debug|Any CPU.ActiveCfg = Debug|Any CPU
		{D87CB0D5-ED06-4E01-AA00-FFCDD0A3D708}.Debug|Any CPU.Build.0 = Debug|Any CPU
		{D87CB0D5-ED06-4E01-AA00-FFCDD0A3D708}.Release|Any CPU.ActiveCfg = Release|Any CPU
		{D87CB0D5-ED06-4E01-AA00-FFCDD0A3D708}.Release|Any CPU.Build.0 = Release|Any CPU
	EndGlobalSection
	GlobalSection(SolutionProperties) = preSolution
		HideSolutionNode = FALSE
	EndGlobalSection
	GlobalSection(NestedProjects) = preSolution
		{3E00643F-AC74-4B9E-8A1B-3D9CDA6D18FE} = {9CE77106-2E2F-47CD-A748-7A1402CAA6E9}
		{C3196DEC-3825-4B63-87C2-53674D3BFE66} = {836962FD-5DFC-4682-9840-44D62A0E861E}
		{03D2EE7A-7DE1-4329-804E-6823D20A53B2} = {443CE6F1-9DDF-42D9-8A64-76C6778BCA43}
		{F0DA6247-97C4-43DC-99B6-A763AF5225C2} = {443CE6F1-9DDF-42D9-8A64-76C6778BCA43}
		{B3AF4DFB-585D-477A-981A-0F5E69EC7A89} = {443CE6F1-9DDF-42D9-8A64-76C6778BCA43}
		{D87CB0D5-ED06-4E01-AA00-FFCDD0A3D708} = {443CE6F1-9DDF-42D9-8A64-76C6778BCA43}
	EndGlobalSection
EndGlobal
